
Microsoft Visual Studio Solution File, Format Version 12.00
# Visual Studio Version 17
VisualStudioVersion = 17.11.35208.52
MinimumVisualStudioVersion = 10.0.40219.1
Project("{FAE04EC0-301F-11D3-BF4B-00C04F79EFBC}") = "advent-of-code-2024", "advent-of-code-2024\advent-of-code-2024.csproj", "{46D689CB-AF86-4C1B-9DC0-D7ABBF095445}"
EndProject
Global
	GlobalSection(SolutionConfigurationPlatforms) = preSolution
		Debug|Any CPU = Debug|Any CPU
		Release|Any CPU = Release|Any CPU
	EndGlobalSection
	GlobalSection(ProjectConfigurationPlatforms) = postSolution
		{46D689CB-AF86-4C1B-9DC0-D7ABBF095445}.Debug|Any CPU.ActiveCfg = Debug|Any CPU
		{46D689CB-AF86-4C1B-9DC0-D7ABBF095445}.Debug|Any CPU.Build.0 = Debug|Any CPU
		{46D689CB-AF86-4C1B-9DC0-D7ABBF095445}.Release|Any CPU.ActiveCfg = Release|Any CPU
		{46D689CB-AF86-4C1B-9DC0-D7ABBF095445}.Release|Any CPU.Build.0 = Release|Any CPU
	EndGlobalSection
	GlobalSection(SolutionProperties) = preSolution
		HideSolutionNode = FALSE
	EndGlobalSection
	GlobalSection(ExtensibilityGlobals) = postSolution
		SolutionGuid = {D18A4DF9-00A8-4808-B675-2024E84494DE}
	EndGlobalSection
EndGlobal
